PODS:
  - Promis (2.2.0)
  - Promis/UnitTests (2.2.0)

DEPENDENCIES:
  - Promis (from `../`)
  - Promis/UnitTests (from `../`)

EXTERNAL SOURCES:
  Promis:
    :path: "../"

SPEC CHECKSUMS:
  Promis: cb43375a9674d5bce6823de98d951f4d1307cbc7

PODFILE CHECKSUM: 2caa75d2621c0c8241e46fbd838a1f1d846c02f8

COCOAPODS: 1.11.3
